
Microsoft Visual Studio Solution File, Format Version 12.00
# Visual Studio Version 16
VisualStudioVersion = 16.0.31025.194
MinimumVisualStudioVersion = 10.0.40219.1
Project("{FAE04EC0-301F-11D3-BF4B-00C04F79EFBC}") = "Exercise1", "Exercise1\Exercise1.csproj", "{45C7AC7C-2601-4942-A83E-E7510EC58574}"
EndProject
Global
	GlobalSection(SolutionConfigurationPlatforms) = preSolution
		Debug|Any CPU = Debug|Any CPU
		Release|Any CPU = Release|Any CPU
	EndGlobalSection
	GlobalSection(ProjectConfigurationPlatforms) = postSolution
		{45C7AC7C-2601-4942-A83E-E7510EC58574}.Debug|Any CPU.ActiveCfg = Debug|Any CPU
		{45C7AC7C-2601-4942-A83E-E7510EC58574}.Debug|Any CPU.Build.0 = Debug|Any CPU
		{45C7AC7C-2601-4942-A83E-E7510EC58574}.Release|Any CPU.ActiveCfg = Release|Any CPU
		{45C7AC7C-2601-4942-A83E-E7510EC58574}.Release|Any CPU.Build.0 = Release|Any CPU
	EndGlobalSection
	GlobalSection(SolutionProperties) = preSolution
		HideSolutionNode = FALSE
	EndGlobalSection
	GlobalSection(ExtensibilityGlobals) = postSolution
		SolutionGuid = {59FF0252-3307-41CF-A736-D23EBA223AEC}
	EndGlobalSection
EndGlobal
